// !$*UTF8*$!
{
	archiveVersion = 1;
	classes = {
	};
	objectVersion = 46;
	objects = {

/* Begin PBXBuildFile section */
		633663061C68426000985AE8 /* AppDelegate.swift in Sources */ = {isa = PBXBuildFile; fileRef = 633663051C68426000985AE8 /* AppDelegate.swift */; };
		6336630B1C68426000985AE8 /* Main.storyboard in Resources */ = {isa = PBXBuildFile; fileRef = 633663091C68426000985AE8 /* Main.storyboard */; };
		6336630D1C68426000985AE8 /* Assets.xcassets in Resources */ = {isa = PBXBuildFile; fileRef = 6336630C1C68426000985AE8 /* Assets.xcassets */; };
		633663101C68426000985AE8 /* LaunchScreen.storyboard in Resources */ = {isa = PBXBuildFile; fileRef = 6336630E1C68426000985AE8 /* LaunchScreen.storyboard */; };
		63768AA61C72AA62004A472A /* MapKit.framework in Frameworks */ = {isa = PBXBuildFile; fileRef = 63768AA51C72AA62004A472A /* MapKit.framework */; };
		63768AA81C72AFE2004A472A /* MapViewController.swift in Sources */ = {isa = PBXBuildFile; fileRef = 63768AA71C72AFE2004A472A /* MapViewController.swift */; };
		63E8D4DA1C6AA6BE002F0A96 /* ConversionViewController.swift in Sources */ = {isa = PBXBuildFile; fileRef = 63E8D4D91C6AA6BE002F0A96 /* ConversionViewController.swift */; };
/* End PBXBuildFile section */

/* Begin PBXFileReference section */
		633663021C68426000985AE8 /* WorldTrotter.app */ = {isa = PBXFileReference; explicitFileType = wrapper.application; includeInIndex = 0; path = WorldTrotter.app; sourceTree = BUILT_PRODUCTS_DIR; };
		633663051C68426000985AE8 /* AppDelegate.swift */ = {isa = PBXFileReference; lastKnownFileType = sourcecode.swift; path = AppDelegate.swift; sourceTree = "<group>"; };
		6336630A1C68426000985AE8 /* Base */ = {isa = PBXFileReference; lastKnownFileType = file.storyboard; name = Base; path = Base.lproj/Main.storyboard; sourceTree = "<group>"; };
		6336630C1C68426000985AE8 /* Assets.xcassets */ = {isa = PBXFileReference; lastKnownFileType = folder.assetcatalog; path = Assets.xcassets; sourceTree = "<group>"; };
		6336630F1C68426000985AE8 /* Base */ = {isa = PBXFileReference; lastKnownFileType = file.storyboard; name = Base; path = Base.lproj/LaunchScreen.storyboard; sourceTree = "<group>"; };
		633663111C68426000985AE8 /* Info.plist */ = {isa = PBXFileReference; lastKnownFileType = text.plist.xml; path = Info.plist; sourceTree = "<group>"; };
		63768AA51C72AA62004A472A /* MapKit.framework */ = {isa = PBXFileReference; lastKnownFileType = wrapper.framework; name = MapKit.framework; path = System/Library/Frameworks/MapKit.framework; sourceTree = SDKROOT; };
		63768AA71C72AFE2004A472A /* MapViewController.swift */ = {isa = PBXFileReference; fileEncoding = 4; lastKnownFileType = sourcecode.swift; path = MapViewController.swift; sourceTree = "<group>"; };
		63E8D4D91C6AA6BE002F0A96 /* ConversionViewController.swift */ = {isa = PBXFileReference; fileEncoding = 4; lastKnownFileType = sourcecode.swift; path = ConversionViewController.swift; sourceTree = "<group>"; };
/* End PBXFileReference section */

/* Begin PBXFrameworksBuildPhase section */
		633662FF1C68425F00985AE8 /* Frameworks */ = {
			isa = PBXFrameworksBuildPhase;
			buildActionMask = 2147483647;
			files = (
				63768AA61C72AA62004A472A /* MapKit.framework in Frameworks */,
			);
			runOnlyForDeploymentPostprocessing = 0;
		};
/* End PBXFrameworksBuildPhase section */

/* Begin PBXGroup section */
		633662F91C68425F00985AE8 = {
			isa = PBXGroup;
			children = (
				63768AA51C72AA62004A472A /* MapKit.framework */,
				633663041C68426000985AE8 /* WorldTrotter */,
				633663031C68426000985AE8 /* Products */,
			);
			sourceTree = "<group>";
		};
		633663031C68426000985AE8 /* Products */ = {
			isa = PBXGroup;
			children = (
				633663021C68426000985AE8 /* WorldTrotter.app */,
			);
			name = Products;
			sourceTree = "<group>";
		};
		633663041C68426000985AE8 /* WorldTrotter */ = {
			isa = PBXGroup;
			children = (
				633663051C68426000985AE8 /* AppDelegate.swift */,
				633663091C68426000985AE8 /* Main.storyboard */,
				63E8D4D91C6AA6BE002F0A96 /* ConversionViewController.swift */,
				63768AA71C72AFE2004A472A /* MapViewController.swift */,
				6336630C1C68426000985AE8 /* Assets.xcassets */,
				6336630E1C68426000985AE8 /* LaunchScreen.storyboard */,
				633663111C68426000985AE8 /* Info.plist */,
			);
			path = WorldTrotter;
			sourceTree = "<group>";
		};
/* End PBXGroup section */

/* Begin PBXNativeTarget section */
		633663011C68425F00985AE8 /* WorldTrotter */ = {
			isa = PBXNativeTarget;
			buildConfigurationList = 633663141C68426000985AE8 /* Build configuration list for PBXNativeTarget "WorldTrotter" */;
			buildPhases = (
				633662FE1C68425F00985AE8 /* Sources */,
				633662FF1C68425F00985AE8 /* Frameworks */,
				633663001C68425F00985AE8 /* Resources */,
			);
			buildRules = (
			);
			dependencies = (
			);
			name = WorldTrotter;
			productName = WorldTrotter;
			productReference = 633663021C68426000985AE8 /* WorldTrotter.app */;
			productType = "com.apple.product-type.application";
		};
/* End PBXNativeTarget section */

/* Begin PBXProject section */
		633662FA1C68425F00985AE8 /* Project object */ = {
			isa = PBXProject;
			attributes = {
				LastSwiftUpdateCheck = 0720;
				LastUpgradeCheck = 0720;
				ORGANIZATIONNAME = "David Stancu";
				TargetAttributes = {
					633663011C68425F00985AE8 = {
						CreatedOnToolsVersion = 7.2;
						DevelopmentTeam = VY68F2LEM2;
					};
				};
			};
			buildConfigurationList = 633662FD1C68425F00985AE8 /* Build configuration list for PBXProject "WorldTrotter" */;
			compatibilityVersion = "Xcode 3.2";
			developmentRegion = English;
			hasScannedForEncodings = 0;
			knownRegions = (
				en,
				Base,
			);
			mainGroup = 633662F91C68425F00985AE8;
			productRefGroup = 633663031C68426000985AE8 /* Products */;
			projectDirPath = "";
			projectRoot = "";
			targets = (
				633663011C68425F00985AE8 /* WorldTrotter */,
			);
		};
/* End PBXProject section */

/* Begin PBXResourcesBuildPhase section */
		633663001C68425F00985AE8 /* Resources */ = {
			isa = PBXResourcesBuildPhase;
			buildActionMask = 2147483647;
			files = (
				633663101C68426000985AE8 /* LaunchScreen.storyboard in Resources */,
				6336630D1C68426000985AE8 /* Assets.xcassets in Resources */,
				6336630B1C68426000985AE8 /* Main.storyboard in Resources */,
			);
			runOnlyForDeploymentPostprocessing = 0;
		};
/* End PBXResourcesBuildPhase section */

/* Begin PBXSourcesBuildPhase section */
		633662FE1C68425F00985AE8 /* Sources */ = {
			isa = PBXSourcesBuildPhase;
			buildActionMask = 2147483647;
			files = (
				63E8D4DA1C6AA6BE002F0A96 /* ConversionViewController.swift in Sources */,
				63768AA81C72AFE2004A472A /* MapViewController.swift in Sources */,
				633663061C68426000985AE8 /* AppDelegate.swift in Sources */,
			);
			runOnlyForDeploymentPostprocessing = 0;
		};
/* End PBXSourcesBuildPhase section */

/* Begin PBXVariantGroup section */
		633663091C68426000985AE8 /* Main.storyboard */ = {
			isa = PBXVariantGroup;
			children = (
				6336630A1C68426000985AE8 /* Base */,
			);
			name = Main.storyboard;
			sourceTree = "<group>";
		};
		6336630E1C68426000985AE8 /* LaunchScreen.storyboard */ = {
			isa = PBXVariantGroup;
			children = (
				6336630F1C68426000985AE8 /* Base */,
			);
			name = LaunchScreen.storyboard;
			sourceTree = "<group>";
		};
/* End PBXVariantGroup section */

/* Begin XCBuildConfiguration section */
		633663121C68426000985AE8 /* Debug */ = {
			isa = XCBuildConfiguration;
			buildSettings = {
				ALWAYS_SEARCH_USER_PATHS = NO;
				CLANG_CXX_LANGUAGE_STANDARD = "gnu++0x";
				CLANG_CXX_LIBRARY = "libc++";
				CLANG_ENABLE_MODULES = YES;
				CLANG_ENABLE_OBJC_ARC = YES;
				CLANG_WARN_BOOL_CONVERSION = YES;
				CLANG_WARN_CONSTANT_CONVERSION = YES;
				CLANG_WARN_DIRECT_OBJC_ISA_USAGE = YES_ERROR;
				CLANG_WARN_EMPTY_BODY = YES;
				CLANG_WARN_ENUM_CONVERSION = YES;
				CLANG_WARN_INT_CONVERSION = YES;
				CLANG_WARN_OBJC_ROOT_CLASS = YES_ERROR;
				CLANG_WARN_UNREACHABLE_CODE = YES;
				CLANG_WARN__DUPLICATE_METHOD_MATCH = YES;
				"CODE_SIGN_IDENTITY[sdk=iphoneos*]" = "iPhone Developer";
				COPY_PHASE_STRIP = NO;
				DEBUG_INFORMATION_FORMAT = dwarf;
				ENABLE_STRICT_OBJC_MSGSEND = YES;
				ENABLE_TESTABILITY = YES;
				GCC_C_LANGUAGE_STANDARD = gnu99;
				GCC_DYNAMIC_NO_PIC = NO;
				GCC_NO_COMMON_BLOCKS = YES;
				GCC_OPTIMIZATION_LEVEL = 0;
				GCC_PREPROCESSOR_DEFINITIONS = (
					"DEBUG=1",
					"$(inherited)",
				);
				GCC_WARN_64_TO_32_BIT_CONVERSION = YES;
				GCC_WARN_ABOUT_RETURN_TYPE = YES_ERROR;
				GCC_WARN_UNDECLARED_SELECTOR = YES;
				GCC_WARN_UNINITIALIZED_AUTOS = YES_AGGRESSIVE;
				GCC_WARN_UNUSED_FUNCTION = YES;
				GCC_WARN_UNUSED_VARIABLE = YES;
				IPHONEOS_DEPLOYMENT_TARGET = 9.2;
				MTL_ENABLE_DEBUG_INFO = YES;
				ONLY_ACTIVE_ARCH = YES;
				SDKROOT = iphoneos;
				SWIFT_OPTIMIZATION_LEVEL = "-Onone";
				TARGETED_DEVICE_FAMILY = "1,2";
			};
			name = Debug;
		};
		633663131C68426000985AE8 /* Release */ = {
			isa = XCBuildConfiguration;
			buildSettings = {
				ALWAYS_SEARCH_USER_PATHS = NO;
				CLANG_CXX_LANGUAGE_STANDARD = "gnu++0x";
				CLANG_CXX_LIBRARY = "libc++";
				CLANG_ENABLE_MODULES = YES;
				CLANG_ENABLE_OBJC_ARC = YES;
				CLANG_WARN_BOOL_CONVERSION = YES;
				CLANG_WARN_CONSTANT_CONVERSION = YES;
				CLANG_WARN_DIRECT_OBJC_ISA_USAGE = YES_ERROR;
				CLANG_WARN_EMPTY_BODY = YES;
				CLANG_WARN_ENUM_CONVERSION = YES;
				CLANG_WARN_INT_CONVERSION = YES;
				CLANG_WARN_OBJC_ROOT_CLASS = YES_ERROR;
				CLANG_WARN_UNREACHABLE_CODE = YES;
				CLANG_WARN__DUPLICATE_METHOD_MATCH = YES;
				"CODE_SIGN_IDENTITY[sdk=iphoneos*]" = "iPhone Developer";
				COPY_PHASE_STRIP = NO;
				DEBUG_INFORMATION_FORMAT = "dwarf-with-dsym";
				ENABLE_NS_ASSERTIONS = NO;
				ENABLE_STRICT_OBJC_MSGSEND = YES;
				GCC_C_LANGUAGE_STANDARD = gnu99;
				GCC_NO_COMMON_BLOCKS = YES;
				GCC_WARN_64_TO_32_BIT_CONVERSION = YES;
				GCC_WARN_ABOUT_RETURN_TYPE = YES_ERROR;
				GCC_WARN_UNDECLARED_SELECTOR = YES;
				GCC_WARN_UNINITIALIZED_AUTOS = YES_AGGRESSIVE;
				GCC_WARN_UNUSED_FUNCTION = YES;
				GCC_WARN_UNUSED_VARIABLE = YES;
				IPHONEOS_DEPLOYMENT_TARGET = 9.2;
				MTL_ENABLE_DEBUG_INFO = NO;
				SDKROOT = iphoneos;
				TARGETED_DEVICE_FAMILY = "1,2";
				VALIDATE_PRODUCT = YES;
			};
			name = Release;
		};
		633663151C68426000985AE8 /* Debug */ = {
			isa = XCBuildConfiguration;
			buildSettings = {
				ASSETCATALOG_COMPILER_APPICON_NAME = AppIcon;
				INFOPLIST_FILE = WorldTrotter/Info.plist;
				LD_RUNPATH_SEARCH_PATHS = "$(inherited) @executable_path/Frameworks";
				PRODUCT_BUNDLE_IDENTIFIER = com.you.probably.never.read.this.WorldTrotter;
				PRODUCT_NAME = "$(TARGET_NAME)";
			};
			name = Debug;
		};
		633663161C68426000985AE8 /* Release */ = {
			isa = XCBuildConfiguration;
			buildSettings = {
				ASSETCATALOG_COMPILER_APPICON_NAME = AppIcon;
				INFOPLIST_FILE = WorldTrotter/Info.plist;
				LD_RUNPATH_SEARCH_PATHS = "$(inherited) @executable_path/Frameworks";
				PRODUCT_BUNDLE_IDENTIFIER = com.you.probably.never.read.this.WorldTrotter;
				PRODUCT_NAME = "$(TARGET_NAME)";
			};
			name = Release;
		};
/* End XCBuildConfiguration section */

/* Begin XCConfigurationList section */
		633662FD1C68425F00985AE8 /* Build configuration list for PBXProject "WorldTrotter" */ = {
			isa = XCConfigurationList;
			buildConfigurations = (
				633663121C68426000985AE8 /* Debug */,
				633663131C68426000985AE8 /* Release */,
			);
			defaultConfigurationIsVisible = 0;
			defaultConfigurationName = Release;
		};
		633663141C68426000985AE8 /* Build configuration list for PBXNativeTarget "WorldTrotter" */ = {
			isa = XCConfigurationList;
			buildConfigurations = (
				633663151C68426000985AE8 /* Debug */,
				633663161C68426000985AE8 /* Release */,
			);
			defaultConfigurationIsVisible = 0;
			defaultConfigurationName = Release;
		};
/* End XCConfigurationList section */
	};
	rootObject = 633662FA1C68425F00985AE8 /* Project object */;
}
